// !$*UTF8*$!
{
	archiveVersion = 1;
	classes = {
	};
	objectVersion = 56;
	objects = {

/* Begin PBXBuildFile section */
		24F0B8712B5A71ED00569684 /* AppDelegate.swift in Sources */ = {isa = PBXBuildFile; fileRef = 24F0B8702B5A71ED00569684 /* AppDelegate.swift */; };
		24F0B8732B5A71ED00569684 /* SceneDelegate.swift in Sources */ = {isa = PBXBuildFile; fileRef = 24F0B8722B5A71ED00569684 /* SceneDelegate.swift */; };
		24F0B8752B5A71ED00569684 /* ViewController.swift in Sources */ = {isa = PBXBuildFile; fileRef = 24F0B8742B5A71ED00569684 /* ViewController.swift */; };
		24F0B8782B5A71ED00569684 /* Main.storyboard in Resources */ = {isa = PBXBuildFile; fileRef = 24F0B8762B5A71ED00569684 /* Main.storyboard */; };
		24F0B87A2B5A71EF00569684 /* Assets.xcassets in Resources */ = {isa = PBXBuildFile; fileRef = 24F0B8792B5A71EF00569684 /* Assets.xcassets */; };
		24F0B87D2B5A71EF00569684 /* LaunchScreen.storyboard in Resources */ = {isa = PBXBuildFile; fileRef = 24F0B87B2B5A71EF00569684 /* LaunchScreen.storyboard */; };
		24F0B8882B5A71EF00569684 /* SwiftExploration_SidatluTests.swift in Sources */ = {isa = PBXBuildFile; fileRef = 24F0B8872B5A71EF00569684 /* SwiftExploration_SidatluTests.swift */; };
		24F0B8922B5A71EF00569684 /* SwiftExploration_SidatluUITests.swift in Sources */ = {isa = PBXBuildFile; fileRef = 24F0B8912B5A71EF00569684 /* SwiftExploration_SidatluUITests.swift */; };
		24F0B8942B5A71EF00569684 /* SwiftExploration_SidatluUITestsLaunchTests.swift in Sources */ = {isa = PBXBuildFile; fileRef = 24F0B8932B5A71EF00569684 /* SwiftExploration_SidatluUITestsLaunchTests.swift */; };
		24F0B8A12B5A72D600569684 /* Sign.swift in Sources */ = {isa = PBXBuildFile; fileRef = 24F0B8A02B5A72D600569684 /* Sign.swift */; };
		24F0B8A32B5A74E700569684 /* GameState.swift in Sources */ = {isa = PBXBuildFile; fileRef = 24F0B8A22B5A74E700569684 /* GameState.swift */; };
/* End PBXBuildFile section */

/* Begin PBXContainerItemProxy section */
		24F0B8842B5A71EF00569684 /* PBXContainerItemProxy */ = {
			isa = PBXContainerItemProxy;
			containerPortal = 24F0B8652B5A71ED00569684 /* Project object */;
			proxyType = 1;
			remoteGlobalIDString = 24F0B86C2B5A71ED00569684;
			remoteInfo = "SwiftExploration-Sidatlu";
		};
		24F0B88E2B5A71EF00569684 /* PBXContainerItemProxy */ = {
			isa = PBXContainerItemProxy;
			containerPortal = 24F0B8652B5A71ED00569684 /* Project object */;
			proxyType = 1;
			remoteGlobalIDString = 24F0B86C2B5A71ED00569684;
			remoteInfo = "SwiftExploration-Sidatlu";
		};
/* End PBXContainerItemProxy section */

/* Begin PBXFileReference section */
		24F0B86D2B5A71ED00569684 /* SwiftExploration-Sidatlu.app */ = {isa = PBXFileReference; explicitFileType = wrapper.application; includeInIndex = 0; path = "SwiftExploration-Sidatlu.app"; sourceTree = BUILT_PRODUCTS_DIR; };
		24F0B8702B5A71ED00569684 /* AppDelegate.swift */ = {isa = PBXFileReference; lastKnownFileType = sourcecode.swift; path = AppDelegate.swift; sourceTree = "<group>"; };
		24F0B8722B5A71ED00569684 /* SceneDelegate.swift */ = {isa = PBXFileReference; lastKnownFileType = sourcecode.swift; path = SceneDelegate.swift; sourceTree = "<group>"; };
		24F0B8742B5A71ED00569684 /* ViewController.swift */ = {isa = PBXFileReference; lastKnownFileType = sourcecode.swift; path = ViewController.swift; sourceTree = "<group>"; };
		24F0B8772B5A71ED00569684 /* Base */ = {isa = PBXFileReference; lastKnownFileType = file.storyboard; name = Base; path = Base.lproj/Main.storyboard; sourceTree = "<group>"; };
		24F0B8792B5A71EF00569684 /* Assets.xcassets */ = {isa = PBXFileReference; lastKnownFileType = folder.assetcatalog; path = Assets.xcassets; sourceTree = "<group>"; };
		24F0B87C2B5A71EF00569684 /* Base */ = {isa = PBXFileReference; lastKnownFileType = file.storyboard; name = Base; path = Base.lproj/LaunchScreen.storyboard; sourceTree = "<group>"; };
		24F0B87E2B5A71EF00569684 /* Info.plist */ = {isa = PBXFileReference; lastKnownFileType = text.plist.xml; path = Info.plist; sourceTree = "<group>"; };
		24F0B8832B5A71EF00569684 /* SwiftExploration-SidatluTests.xctest */ = {isa = PBXFileReference; explicitFileType = wrapper.cfbundle; includeInIndex = 0; path = "SwiftExploration-SidatluTests.xctest"; sourceTree = BUILT_PRODUCTS_DIR; };
		24F0B8872B5A71EF00569684 /* SwiftExploration_SidatluTests.swift */ = {isa = PBXFileReference; lastKnownFileType = sourcecode.swift; path = SwiftExploration_SidatluTests.swift; sourceTree = "<group>"; };
		24F0B88D2B5A71EF00569684 /* SwiftExploration-SidatluUITests.xctest */ = {isa = PBXFileReference; explicitFileType = wrapper.cfbundle; includeInIndex = 0; path = "SwiftExploration-SidatluUITests.xctest"; sourceTree = BUILT_PRODUCTS_DIR; };
		24F0B8912B5A71EF00569684 /* SwiftExploration_SidatluUITests.swift */ = {isa = PBXFileReference; lastKnownFileType = sourcecode.swift; path = SwiftExploration_SidatluUITests.swift; sourceTree = "<group>"; };
		24F0B8932B5A71EF00569684 /* SwiftExploration_SidatluUITestsLaunchTests.swift */ = {isa = PBXFileReference; lastKnownFileType = sourcecode.swift; path = SwiftExploration_SidatluUITestsLaunchTests.swift; sourceTree = "<group>"; };
		24F0B8A02B5A72D600569684 /* Sign.swift */ = {isa = PBXFileReference; lastKnownFileType = sourcecode.swift; path = Sign.swift; sourceTree = "<group>"; };
		24F0B8A22B5A74E700569684 /* GameState.swift */ = {isa = PBXFileReference; lastKnownFileType = sourcecode.swift; path = GameState.swift; sourceTree = "<group>"; };
/* End PBXFileReference section */

/* Begin PBXFrameworksBuildPhase section */
		24F0B86A2B5A71ED00569684 /* Frameworks */ = {
			isa = PBXFrameworksBuildPhase;
			buildActionMask = 2147483647;
			files = (
			);
			runOnlyForDeploymentPostprocessing = 0;
		};
		24F0B8802B5A71EF00569684 /* Frameworks */ = {
			isa = PBXFrameworksBuildPhase;
			buildActionMask = 2147483647;
			files = (
			);
			runOnlyForDeploymentPostprocessing = 0;
		};
		24F0B88A2B5A71EF00569684 /* Frameworks */ = {
			isa = PBXFrameworksBuildPhase;
			buildActionMask = 2147483647;
			files = (
			);
			runOnlyForDeploymentPostprocessing = 0;
		};
/* End PBXFrameworksBuildPhase section */

/* Begin PBXGroup section */
		24F0B8642B5A71ED00569684 = {
			isa = PBXGroup;
			children = (
				24F0B86F2B5A71ED00569684 /* SwiftExploration-Sidatlu */,
				24F0B8862B5A71EF00569684 /* SwiftExploration-SidatluTests */,
				24F0B8902B5A71EF00569684 /* SwiftExploration-SidatluUITests */,
				24F0B86E2B5A71ED00569684 /* Products */,
			);
			sourceTree = "<group>";
		};
		24F0B86E2B5A71ED00569684 /* Products */ = {
			isa = PBXGroup;
			children = (
				24F0B86D2B5A71ED00569684 /* SwiftExploration-Sidatlu.app */,
				24F0B8832B5A71EF00569684 /* SwiftExploration-SidatluTests.xctest */,
				24F0B88D2B5A71EF00569684 /* SwiftExploration-SidatluUITests.xctest */,
			);
			name = Products;
			sourceTree = "<group>";
		};
		24F0B86F2B5A71ED00569684 /* SwiftExploration-Sidatlu */ = {
			isa = PBXGroup;
			children = (
				24F0B8702B5A71ED00569684 /* AppDelegate.swift */,
				24F0B8722B5A71ED00569684 /* SceneDelegate.swift */,
				24F0B8742B5A71ED00569684 /* ViewController.swift */,
				24F0B8762B5A71ED00569684 /* Main.storyboard */,
				24F0B8792B5A71EF00569684 /* Assets.xcassets */,
				24F0B87B2B5A71EF00569684 /* LaunchScreen.storyboard */,
				24F0B87E2B5A71EF00569684 /* Info.plist */,
				24F0B8A02B5A72D600569684 /* Sign.swift */,
				24F0B8A22B5A74E700569684 /* GameState.swift */,
			);
			path = "SwiftExploration-Sidatlu";
			sourceTree = "<group>";
		};
		24F0B8862B5A71EF00569684 /* SwiftExploration-SidatluTests */ = {
			isa = PBXGroup;
			children = (
				24F0B8872B5A71EF00569684 /* SwiftExploration_SidatluTests.swift */,
			);
			path = "SwiftExploration-SidatluTests";
			sourceTree = "<group>";
		};
		24F0B8902B5A71EF00569684 /* SwiftExploration-SidatluUITests */ = {
			isa = PBXGroup;
			children = (
				24F0B8912B5A71EF00569684 /* SwiftExploration_SidatluUITests.swift */,
				24F0B8932B5A71EF00569684 /* SwiftExploration_SidatluUITestsLaunchTests.swift */,
			);
			path = "SwiftExploration-SidatluUITests";
			sourceTree = "<group>";
		};
/* End PBXGroup section */

/* Begin PBXNativeTarget section */
		24F0B86C2B5A71ED00569684 /* SwiftExploration-Sidatlu */ = {
			isa = PBXNativeTarget;
			buildConfigurationList = 24F0B8972B5A71EF00569684 /* Build configuration list for PBXNativeTarget "SwiftExploration-Sidatlu" */;
			buildPhases = (
				24F0B8692B5A71ED00569684 /* Sources */,
				24F0B86A2B5A71ED00569684 /* Frameworks */,
				24F0B86B2B5A71ED00569684 /* Resources */,
			);
			buildRules = (
			);
			dependencies = (
			);
			name = "SwiftExploration-Sidatlu";
			productName = "SwiftExploration-Sidatlu";
			productReference = 24F0B86D2B5A71ED00569684 /* SwiftExploration-Sidatlu.app */;
			productType = "com.apple.product-type.application";
		};
		24F0B8822B5A71EF00569684 /* SwiftExploration-SidatluTests */ = {
			isa = PBXNativeTarget;
			buildConfigurationList = 24F0B89A2B5A71EF00569684 /* Build configuration list for PBXNativeTarget "SwiftExploration-SidatluTests" */;
			buildPhases = (
				24F0B87F2B5A71EF00569684 /* Sources */,
				24F0B8802B5A71EF00569684 /* Frameworks */,
				24F0B8812B5A71EF00569684 /* Resources */,
			);
			buildRules = (
			);
			dependencies = (
				24F0B8852B5A71EF00569684 /* PBXTargetDependency */,
			);
			name = "SwiftExploration-SidatluTests";
			productName = "SwiftExploration-SidatluTests";
			productReference = 24F0B8832B5A71EF00569684 /* SwiftExploration-SidatluTests.xctest */;
			productType = "com.apple.product-type.bundle.unit-test";
		};
		24F0B88C2B5A71EF00569684 /* SwiftExploration-SidatluUITests */ = {
			isa = PBXNativeTarget;
			buildConfigurationList = 24F0B89D2B5A71EF00569684 /* Build configuration list for PBXNativeTarget "SwiftExploration-SidatluUITests" */;
			buildPhases = (
				24F0B8892B5A71EF00569684 /* Sources */,
				24F0B88A2B5A71EF00569684 /* Frameworks */,
				24F0B88B2B5A71EF00569684 /* Resources */,
			);
			buildRules = (
			);
			dependencies = (
				24F0B88F2B5A71EF00569684 /* PBXTargetDependency */,
			);
			name = "SwiftExploration-SidatluUITests";
			productName = "SwiftExploration-SidatluUITests";
			productReference = 24F0B88D2B5A71EF00569684 /* SwiftExploration-SidatluUITests.xctest */;
			productType = "com.apple.product-type.bundle.ui-testing";
		};
/* End PBXNativeTarget section */

/* Begin PBXProject section */
		24F0B8652B5A71ED00569684 /* Project object */ = {
			isa = PBXProject;
			attributes = {
				BuildIndependentTargetsInParallel = 1;
				LastSwiftUpdateCheck = 1520;
				LastUpgradeCheck = 1520;
				TargetAttributes = {
					24F0B86C2B5A71ED00569684 = {
						CreatedOnToolsVersion = 15.2;
					};
					24F0B8822B5A71EF00569684 = {
						CreatedOnToolsVersion = 15.2;
						TestTargetID = 24F0B86C2B5A71ED00569684;
					};
					24F0B88C2B5A71EF00569684 = {
						CreatedOnToolsVersion = 15.2;
						TestTargetID = 24F0B86C2B5A71ED00569684;
					};
				};
			};
			buildConfigurationList = 24F0B8682B5A71ED00569684 /* Build configuration list for PBXProject "SwiftExploration-Sidatlu" */;
			compatibilityVersion = "Xcode 14.0";
			developmentRegion = en;
			hasScannedForEncodings = 0;
			knownRegions = (
				en,
				Base,
			);
			mainGroup = 24F0B8642B5A71ED00569684;
			productRefGroup = 24F0B86E2B5A71ED00569684 /* Products */;
			projectDirPath = "";
			projectRoot = "";
			targets = (
				24F0B86C2B5A71ED00569684 /* SwiftExploration-Sidatlu */,
				24F0B8822B5A71EF00569684 /* SwiftExploration-SidatluTests */,
				24F0B88C2B5A71EF00569684 /* SwiftExploration-SidatluUITests */,
			);
		};
/* End PBXProject section */

/* Begin PBXResourcesBuildPhase section */
		24F0B86B2B5A71ED00569684 /* Resources */ = {
			isa = PBXResourcesBuildPhase;
			buildActionMask = 2147483647;
			files = (
				24F0B87D2B5A71EF00569684 /* LaunchScreen.storyboard in Resources */,
				24F0B87A2B5A71EF00569684 /* Assets.xcassets in Resources */,
				24F0B8782B5A71ED00569684 /* Main.storyboard in Resources */,
			);
			runOnlyForDeploymentPostprocessing = 0;
		};
		24F0B8812B5A71EF00569684 /* Resources */ = {
			isa = PBXResourcesBuildPhase;
			buildActionMask = 2147483647;
			files = (
			);
			runOnlyForDeploymentPostprocessing = 0;
		};
		24F0B88B2B5A71EF00569684 /* Resources */ = {
			isa = PBXResourcesBuildPhase;
			buildActionMask = 2147483647;
			files = (
			);
			runOnlyForDeploymentPostprocessing = 0;
		};
/* End PBXResourcesBuildPhase section */

/* Begin PBXSourcesBuildPhase section */
		24F0B8692B5A71ED00569684 /* Sources */ = {
			isa = PBXSourcesBuildPhase;
			buildActionMask = 2147483647;
			files = (
				24F0B8752B5A71ED00569684 /* ViewController.swift in Sources */,
				24F0B8712B5A71ED00569684 /* AppDelegate.swift in Sources */,
				24F0B8A32B5A74E700569684 /* GameState.swift in Sources */,
				24F0B8A12B5A72D600569684 /* Sign.swift in Sources */,
				24F0B8732B5A71ED00569684 /* SceneDelegate.swift in Sources */,
			);
			runOnlyForDeploymentPostprocessing = 0;
		};
		24F0B87F2B5A71EF00569684 /* Sources */ = {
			isa = PBXSourcesBuildPhase;
			buildActionMask = 2147483647;
			files = (
				24F0B8882B5A71EF00569684 /* SwiftExploration_SidatluTests.swift in Sources */,
			);
			runOnlyForDeploymentPostprocessing = 0;
		};
		24F0B8892B5A71EF00569684 /* Sources */ = {
			isa = PBXSourcesBuildPhase;
			buildActionMask = 2147483647;
			files = (
				24F0B8922B5A71EF00569684 /* SwiftExploration_SidatluUITests.swift in Sources */,
				24F0B8942B5A71EF00569684 /* SwiftExploration_SidatluUITestsLaunchTests.swift in Sources */,
			);
			runOnlyForDeploymentPostprocessing = 0;
		};
/* End PBXSourcesBuildPhase section */

/* Begin PBXTargetDependency section */
		24F0B8852B5A71EF00569684 /* PBXTargetDependency */ = {
			isa = PBXTargetDependency;
			target = 24F0B86C2B5A71ED00569684 /* SwiftExploration-Sidatlu */;
			targetProxy = 24F0B8842B5A71EF00569684 /* PBXContainerItemProxy */;
		};
		24F0B88F2B5A71EF00569684 /* PBXTargetDependency */ = {
			isa = PBXTargetDependency;
			target = 24F0B86C2B5A71ED00569684 /* SwiftExploration-Sidatlu */;
			targetProxy = 24F0B88E2B5A71EF00569684 /* PBXContainerItemProxy */;
		};
/* End PBXTargetDependency section */

/* Begin PBXVariantGroup section */
		24F0B8762B5A71ED00569684 /* Main.storyboard */ = {
			isa = PBXVariantGroup;
			children = (
				24F0B8772B5A71ED00569684 /* Base */,
			);
			name = Main.storyboard;
			sourceTree = "<group>";
		};
		24F0B87B2B5A71EF00569684 /* LaunchScreen.storyboard */ = {
			isa = PBXVariantGroup;
			children = (
				24F0B87C2B5A71EF00569684 /* Base */,
			);
			name = LaunchScreen.storyboard;
			sourceTree = "<group>";
		};
/* End PBXVariantGroup section */

/* Begin XCBuildConfiguration section */
		24F0B8952B5A71EF00569684 /* Debug */ = {
			isa = XCBuildConfiguration;
			buildSettings = {
				ALWAYS_SEARCH_USER_PATHS = NO;
				ASSETCATALOG_COMPILER_GENERATE_SWIFT_ASSET_SYMBOL_EXTENSIONS = YES;
				CLANG_ANALYZER_NONNULL = YES;
				CLANG_ANALYZER_NUMBER_OBJECT_CONVERSION = YES_AGGRESSIVE;
				CLANG_CXX_LANGUAGE_STANDARD = "gnu++20";
				CLANG_ENABLE_MODULES = YES;
				CLANG_ENABLE_OBJC_ARC = YES;
				CLANG_ENABLE_OBJC_WEAK = YES;
				CLANG_WARN_BLOCK_CAPTURE_AUTORELEASING = YES;
				CLANG_WARN_BOOL_CONVERSION = YES;
				CLANG_WARN_COMMA = YES;
				CLANG_WARN_CONSTANT_CONVERSION = YES;
				CLANG_WARN_DEPRECATED_OBJC_IMPLEMENTATIONS = YES;
				CLANG_WARN_DIRECT_OBJC_ISA_USAGE = YES_ERROR;
				CLANG_WARN_DOCUMENTATION_COMMENTS = YES;
				CLANG_WARN_EMPTY_BODY = YES;
				CLANG_WARN_ENUM_CONVERSION = YES;
				CLANG_WARN_INFINITE_RECURSION = YES;
				CLANG_WARN_INT_CONVERSION = YES;
				CLANG_WARN_NON_LITERAL_NULL_CONVERSION = YES;
				CLANG_WARN_OBJC_IMPLICIT_RETAIN_SELF = YES;
				CLANG_WARN_OBJC_LITERAL_CONVERSION = YES;
				CLANG_WARN_OBJC_ROOT_CLASS = YES_ERROR;
				CLANG_WARN_QUOTED_INCLUDE_IN_FRAMEWORK_HEADER = YES;
				CLANG_WARN_RANGE_LOOP_ANALYSIS = YES;
				CLANG_WARN_STRICT_PROTOTYPES = YES;
				CLANG_WARN_SUSPICIOUS_MOVE = YES;
				CLANG_WARN_UNGUARDED_AVAILABILITY = YES_AGGRESSIVE;
				CLANG_WARN_UNREACHABLE_CODE = YES;
				CLANG_WARN__DUPLICATE_METHOD_MATCH = YES;
				COPY_PHASE_STRIP = NO;
				DEBUG_INFORMATION_FORMAT = dwarf;
				ENABLE_STRICT_OBJC_MSGSEND = YES;
				ENABLE_TESTABILITY = YES;
				ENABLE_USER_SCRIPT_SANDBOXING = YES;
				GCC_C_LANGUAGE_STANDARD = gnu17;
				GCC_DYNAMIC_NO_PIC = NO;
				GCC_NO_COMMON_BLOCKS = YES;
				GCC_OPTIMIZATION_LEVEL = 0;
				GCC_PREPROCESSOR_DEFINITIONS = (
					"DEBUG=1",
					"$(inherited)",
				);
				GCC_WARN_64_TO_32_BIT_CONVERSION = YES;
				GCC_WARN_ABOUT_RETURN_TYPE = YES_ERROR;
				GCC_WARN_UNDECLARED_SELECTOR = YES;
				GCC_WARN_UNINITIALIZED_AUTOS = YES_AGGRESSIVE;
				GCC_WARN_UNUSED_FUNCTION = YES;
				GCC_WARN_UNUSED_VARIABLE = YES;
				IPHONEOS_DEPLOYMENT_TARGET = 17.2;
				LOCALIZATION_PREFERS_STRING_CATALOGS = YES;
				MTL_ENABLE_DEBUG_INFO = INCLUDE_SOURCE;
				MTL_FAST_MATH = YES;
				ONLY_ACTIVE_ARCH = YES;
				SDKROOT = iphoneos;
				SWIFT_ACTIVE_COMPILATION_CONDITIONS = "DEBUG $(inherited)";
				SWIFT_OPTIMIZATION_LEVEL = "-Onone";
			};
			name = Debug;
		};
		24F0B8962B5A71EF00569684 /* Release */ = {
			isa = XCBuildConfiguration;
			buildSettings = {
				ALWAYS_SEARCH_USER_PATHS = NO;
				ASSETCATALOG_COMPILER_GENERATE_SWIFT_ASSET_SYMBOL_EXTENSIONS = YES;
				CLANG_ANALYZER_NONNULL = YES;
				CLANG_ANALYZER_NUMBER_OBJECT_CONVERSION = YES_AGGRESSIVE;
				CLANG_CXX_LANGUAGE_STANDARD = "gnu++20";
				CLANG_ENABLE_MODULES = YES;
				CLANG_ENABLE_OBJC_ARC = YES;
				CLANG_ENABLE_OBJC_WEAK = YES;
				CLANG_WARN_BLOCK_CAPTURE_AUTORELEASING = YES;
				CLANG_WARN_BOOL_CONVERSION = YES;
				CLANG_WARN_COMMA = YES;
				CLANG_WARN_CONSTANT_CONVERSION = YES;
				CLANG_WARN_DEPRECATED_OBJC_IMPLEMENTATIONS = YES;
				CLANG_WARN_DIRECT_OBJC_ISA_USAGE = YES_ERROR;
				CLANG_WARN_DOCUMENTATION_COMMENTS = YES;
				CLANG_WARN_EMPTY_BODY = YES;
				CLANG_WARN_ENUM_CONVERSION = YES;
				CLANG_WARN_INFINITE_RECURSION = YES;
				CLANG_WARN_INT_CONVERSION = YES;
				CLANG_WARN_NON_LITERAL_NULL_CONVERSION = YES;
				CLANG_WARN_OBJC_IMPLICIT_RETAIN_SELF = YES;
				CLANG_WARN_OBJC_LITERAL_CONVERSION = YES;
				CLANG_WARN_OBJC_ROOT_CLASS = YES_ERROR;
				CLANG_WARN_QUOTED_INCLUDE_IN_FRAMEWORK_HEADER = YES;
				CLANG_WARN_RANGE_LOOP_ANALYSIS = YES;
				CLANG_WARN_STRICT_PROTOTYPES = YES;
				CLANG_WARN_SUSPICIOUS_MOVE = YES;
				CLANG_WARN_UNGUARDED_AVAILABILITY = YES_AGGRESSIVE;
				CLANG_WARN_UNREACHABLE_CODE = YES;
				CLANG_WARN__DUPLICATE_METHOD_MATCH = YES;
				COPY_PHASE_STRIP = NO;
				DEBUG_INFORMATION_FORMAT = "dwarf-with-dsym";
				ENABLE_NS_ASSERTIONS = NO;
				ENABLE_STRICT_OBJC_MSGSEND = YES;
				ENABLE_USER_SCRIPT_SANDBOXING = YES;
				GCC_C_LANGUAGE_STANDARD = gnu17;
				GCC_NO_COMMON_BLOCKS = YES;
				GCC_WARN_64_TO_32_BIT_CONVERSION = YES;
				GCC_WARN_ABOUT_RETURN_TYPE = YES_ERROR;
				GCC_WARN_UNDECLARED_SELECTOR = YES;
				GCC_WARN_UNINITIALIZED_AUTOS = YES_AGGRESSIVE;
				GCC_WARN_UNUSED_FUNCTION = YES;
				GCC_WARN_UNUSED_VARIABLE = YES;
				IPHONEOS_DEPLOYMENT_TARGET = 17.2;
				LOCALIZATION_PREFERS_STRING_CATALOGS = YES;
				MTL_ENABLE_DEBUG_INFO = NO;
				MTL_FAST_MATH = YES;
				SDKROOT = iphoneos;
				SWIFT_COMPILATION_MODE = wholemodule;
				VALIDATE_PRODUCT = YES;
			};
			name = Release;
		};
		24F0B8982B5A71EF00569684 /* Debug */ = {
			isa = XCBuildConfiguration;
			buildSettings = {
				ASSETCATALOG_COMPILER_APPICON_NAME = AppIcon;
				ASSETCATALOG_COMPILER_GLOBAL_ACCENT_COLOR_NAME = AccentColor;
				CODE_SIGN_STYLE = Automatic;
				CURRENT_PROJECT_VERSION = 1;
				GENERATE_INFOPLIST_FILE = YES;
				INFOPLIST_FILE = "SwiftExploration-Sidatlu/Info.plist";
				INFOPLIST_KEY_UIApplicationSupportsIndirectInputEvents = YES;
				INFOPLIST_KEY_UILaunchStoryboardName = LaunchScreen;
				INFOPLIST_KEY_UIMainStoryboardFile = Main;
				INFOPLIST_KEY_UISupportedInterfaceOrientations_iPad = "UIInterfaceOrientationPortrait UIInterfaceOrientationPortraitUpsideDown UIInterfaceOrientationLandscapeLeft UIInterfaceOrientationLandscapeRight";
				INFOPLIST_KEY_UISupportedInterfaceOrientations_iPhone = "UIInterfaceOrientationPortrait UIInterfaceOrientationLandscapeLeft UIInterfaceOrientationLandscapeRight";
				LD_RUNPATH_SEARCH_PATHS = (
					"$(inherited)",
					"@executable_path/Frameworks",
				);
				MARKETING_VERSION = 1.0;
				PRODUCT_BUNDLE_IDENTIFIER = "com.example.SwiftExploration-Sidatlu";
				PRODUCT_NAME = "$(TARGET_NAME)";
				SWIFT_EMIT_LOC_STRINGS = YES;
				SWIFT_VERSION = 5.0;
				TARGETED_DEVICE_FAMILY = "1,2";
			};
			name = Debug;
		};
		24F0B8992B5A71EF00569684 /* Release */ = {
			isa = XCBuildConfiguration;
			buildSettings = {
				ASSETCATALOG_COMPILER_APPICON_NAME = AppIcon;
				ASSETCATALOG_COMPILER_GLOBAL_ACCENT_COLOR_NAME = AccentColor;
				CODE_SIGN_STYLE = Automatic;
				CURRENT_PROJECT_VERSION = 1;
				GENERATE_INFOPLIST_FILE = YES;
				INFOPLIST_FILE = "SwiftExploration-Sidatlu/Info.plist";
				INFOPLIST_KEY_UIApplicationSupportsIndirectInputEvents = YES;
				INFOPLIST_KEY_UILaunchStoryboardName = LaunchScreen;
				INFOPLIST_KEY_UIMainStoryboardFile = Main;
				INFOPLIST_KEY_UISupportedInterfaceOrientations_iPad = "UIInterfaceOrientationPortrait UIInterfaceOrientationPortraitUpsideDown UIInterfaceOrientationLandscapeLeft UIInterfaceOrientationLandscapeRight";
				INFOPLIST_KEY_UISupportedInterfaceOrientations_iPhone = "UIInterfaceOrientationPortrait UIInterfaceOrientationLandscapeLeft UIInterfaceOrientationLandscapeRight";
				LD_RUNPATH_SEARCH_PATHS = (
					"$(inherited)",
					"@executable_path/Frameworks",
				);
				MARKETING_VERSION = 1.0;
				PRODUCT_BUNDLE_IDENTIFIER = "com.example.SwiftExploration-Sidatlu";
				PRODUCT_NAME = "$(TARGET_NAME)";
				SWIFT_EMIT_LOC_STRINGS = YES;
				SWIFT_VERSION = 5.0;
				TARGETED_DEVICE_FAMILY = "1,2";
			};
			name = Release;
		};
		24F0B89B2B5A71EF00569684 /* Debug */ = {
			isa = XCBuildConfiguration;
			buildSettings = {
				ALWAYS_EMBED_SWIFT_STANDARD_LIBRARIES = YES;
				BUNDLE_LOADER = "$(TEST_HOST)";
				CODE_SIGN_STYLE = Automatic;
				CURRENT_PROJECT_VERSION = 1;
				GENERATE_INFOPLIST_FILE = YES;
				IPHONEOS_DEPLOYMENT_TARGET = 17.2;
				MARKETING_VERSION = 1.0;
				PRODUCT_BUNDLE_IDENTIFIER = "com.example.SwiftExploration-SidatluTests";
				PRODUCT_NAME = "$(TARGET_NAME)";
				SWIFT_EMIT_LOC_STRINGS = NO;
				SWIFT_VERSION = 5.0;
				TARGETED_DEVICE_FAMILY = "1,2";
				TEST_HOST = "$(BUILT_PRODUCTS_DIR)/SwiftExploration-Sidatlu.app/$(BUNDLE_EXECUTABLE_FOLDER_PATH)/SwiftExploration-Sidatlu";
			};
			name = Debug;
		};
		24F0B89C2B5A71EF00569684 /* Release */ = {
			isa = XCBuildConfiguration;
			buildSettings = {
				ALWAYS_EMBED_SWIFT_STANDARD_LIBRARIES = YES;
				BUNDLE_LOADER = "$(TEST_HOST)";
				CODE_SIGN_STYLE = Automatic;
				CURRENT_PROJECT_VERSION = 1;
				GENERATE_INFOPLIST_FILE = YES;
				IPHONEOS_DEPLOYMENT_TARGET = 17.2;
				MARKETING_VERSION = 1.0;
				PRODUCT_BUNDLE_IDENTIFIER = "com.example.SwiftExploration-SidatluTests";
				PRODUCT_NAME = "$(TARGET_NAME)";
				SWIFT_EMIT_LOC_STRINGS = NO;
				SWIFT_VERSION = 5.0;
				TARGETED_DEVICE_FAMILY = "1,2";
				TEST_HOST = "$(BUILT_PRODUCTS_DIR)/SwiftExploration-Sidatlu.app/$(BUNDLE_EXECUTABLE_FOLDER_PATH)/SwiftExploration-Sidatlu";
			};
			name = Release;
		};
		24F0B89E2B5A71EF00569684 /* Debug */ = {
			isa = XCBuildConfiguration;
			buildSettings = {
				ALWAYS_EMBED_SWIFT_STANDARD_LIBRARIES = YES;
				CODE_SIGN_STYLE = Automatic;
				CURRENT_PROJECT_VERSION = 1;
				GENERATE_INFOPLIST_FILE = YES;
				MARKETING_VERSION = 1.0;
				PRODUCT_BUNDLE_IDENTIFIER = "com.example.SwiftExploration-SidatluUITests";
				PRODUCT_NAME = "$(TARGET_NAME)";
				SWIFT_EMIT_LOC_STRINGS = NO;
				SWIFT_VERSION = 5.0;
				TARGETED_DEVICE_FAMILY = "1,2";
				TEST_TARGET_NAME = "SwiftExploration-Sidatlu";
			};
			name = Debug;
		};
		24F0B89F2B5A71EF00569684 /* Release */ = {
			isa = XCBuildConfiguration;
			buildSettings = {
				ALWAYS_EMBED_SWIFT_STANDARD_LIBRARIES = YES;
				CODE_SIGN_STYLE = Automatic;
				CURRENT_PROJECT_VERSION = 1;
				GENERATE_INFOPLIST_FILE = YES;
				MARKETING_VERSION = 1.0;
				PRODUCT_BUNDLE_IDENTIFIER = "com.example.SwiftExploration-SidatluUITests";
				PRODUCT_NAME = "$(TARGET_NAME)";
				SWIFT_EMIT_LOC_STRINGS = NO;
				SWIFT_VERSION = 5.0;
				TARGETED_DEVICE_FAMILY = "1,2";
				TEST_TARGET_NAME = "SwiftExploration-Sidatlu";
			};
			name = Release;
		};
/* End XCBuildConfiguration section */

/* Begin XCConfigurationList section */
		24F0B8682B5A71ED00569684 /* Build configuration list for PBXProject "SwiftExploration-Sidatlu" */ = {
			isa = XCConfigurationList;
			buildConfigurations = (
				24F0B8952B5A71EF00569684 /* Debug */,
				24F0B8962B5A71EF00569684 /* Release */,
			);
			defaultConfigurationIsVisible = 0;
			defaultConfigurationName = Release;
		};
		24F0B8972B5A71EF00569684 /* Build configuration list for PBXNativeTarget "SwiftExploration-Sidatlu" */ = {
			isa = XCConfigurationList;
			buildConfigurations = (
				24F0B8982B5A71EF00569684 /* Debug */,
				24F0B8992B5A71EF00569684 /* Release */,
			);
			defaultConfigurationIsVisible = 0;
			defaultConfigurationName = Release;
		};
		24F0B89A2B5A71EF00569684 /* Build configuration list for PBXNativeTarget "SwiftExploration-SidatluTests" */ = {
			isa = XCConfigurationList;
			buildConfigurations = (
				24F0B89B2B5A71EF00569684 /* Debug */,
				24F0B89C2B5A71EF00569684 /* Release */,
			);
			defaultConfigurationIsVisible = 0;
			defaultConfigurationName = Release;
		};
		24F0B89D2B5A71EF00569684 /* Build configuration list for PBXNativeTarget "SwiftExploration-SidatluUITests" */ = {
			isa = XCConfigurationList;
			buildConfigurations = (
				24F0B89E2B5A71EF00569684 /* Debug */,
				24F0B89F2B5A71EF00569684 /* Release */,
			);
			defaultConfigurationIsVisible = 0;
			defaultConfigurationName = Release;
		};
/* End XCConfigurationList section */
	};
	rootObject = 24F0B8652B5A71ED00569684 /* Project object */;
}
